
Microsoft Visual Studio Solution File, Format Version 12.00
# Visual Studio Version 17
VisualStudioVersion = 17.13.35931.197 d17.13
MinimumVisualStudioVersion = 10.0.40219.1
Project("{FAE04EC0-301F-11D3-BF4B-00C04F79EFBC}") = "PlayerApp", "PlayerApp\PlayerApp.csproj", "{47E9DC85-CA9B-470F-8F04-5986C9C45EA8}"
EndProject
Global
	GlobalSection(SolutionConfigurationPlatforms) = preSolution
		Debug|Any CPU = Debug|Any CPU
		Release|Any CPU = Release|Any CPU
	EndGlobalSection
	GlobalSection(ProjectConfigurationPlatforms) = postSolution
		{47E9DC85-CA9B-470F-8F04-5986C9C45EA8}.Debug|Any CPU.ActiveCfg = Debug|Any CPU
		{47E9DC85-CA9B-470F-8F04-5986C9C45EA8}.Debug|Any CPU.Build.0 = Debug|Any CPU
		{47E9DC85-CA9B-470F-8F04-5986C9C45EA8}.Release|Any CPU.ActiveCfg = Release|Any CPU
		{47E9DC85-CA9B-470F-8F04-5986C9C45EA8}.Release|Any CPU.Build.0 = Release|Any CPU
	EndGlobalSection
	GlobalSection(SolutionProperties) = preSolution
		HideSolutionNode = FALSE
	EndGlobalSection
	GlobalSection(ExtensibilityGlobals) = postSolution
		SolutionGuid = {0EF45C96-745C-4CBB-B768-B61D807B9B2B}
	EndGlobalSection
EndGlobal
